
Microsoft Visual Studio Solution File, Format Version 12.00
# Visual Studio Version 17
VisualStudioVersion = 17.0.32112.339
MinimumVisualStudioVersion = 10.0.40219.1
Project("{FAE04EC0-301F-11D3-BF4B-00C04F79EFBC}") = "WpfTest", "WpfTest\WpfTest.csproj", "{D215E694-010B-4CD3-90EE-8B68075FDE9F}"
EndProject
Global
	GlobalSection(SolutionConfigurationPlatforms) = preSolution
		Debug|Any CPU = Debug|Any CPU
		Release|Any CPU = Release|Any CPU
	EndGlobalSection
	GlobalSection(ProjectConfigurationPlatforms) = postSolution
		{D215E694-010B-4CD3-90EE-8B68075FDE9F}.Debug|Any CPU.ActiveCfg = Debug|Any CPU
		{D215E694-010B-4CD3-90EE-8B68075FDE9F}.Debug|Any CPU.Build.0 = Debug|Any CPU
		{D215E694-010B-4CD3-90EE-8B68075FDE9F}.Release|Any CPU.ActiveCfg = Release|Any CPU
		{D215E694-010B-4CD3-90EE-8B68075FDE9F}.Release|Any CPU.Build.0 = Release|Any CPU
	EndGlobalSection
	GlobalSection(SolutionProperties) = preSolution
		HideSolutionNode = FALSE
	EndGlobalSection
	GlobalSection(ExtensibilityGlobals) = postSolution
		SolutionGuid = {923B9932-078E-4CD1-9C47-66236F087A60}
	EndGlobalSection
EndGlobal
